
Microsoft Visual Studio Solution File, Format Version 12.00
# Visual Studio Version 17
VisualStudioVersion = 17.13.35919.96 d17.13
MinimumVisualStudioVersion = 10.0.40219.1
Project("{FAE04EC0-301F-11D3-BF4B-00C04F79EFBC}") = "UI", "UI\UI.csproj", "{A2A8E2C0-B7E8-4C93-9E6C-B1381E969E68}"
EndProject
Global
	GlobalSection(SolutionConfigurationPlatforms) = preSolution
		Debug|Any CPU = Debug|Any CPU
		Release|Any CPU = Release|Any CPU
	EndGlobalSection
	GlobalSection(ProjectConfigurationPlatforms) = postSolution
		{A2A8E2C0-B7E8-4C93-9E6C-B1381E969E68}.Debug|Any CPU.ActiveCfg = Debug|Any CPU
		{A2A8E2C0-B7E8-4C93-9E6C-B1381E969E68}.Debug|Any CPU.Build.0 = Debug|Any CPU
		{A2A8E2C0-B7E8-4C93-9E6C-B1381E969E68}.Release|Any CPU.ActiveCfg = Release|Any CPU
		{A2A8E2C0-B7E8-4C93-9E6C-B1381E969E68}.Release|Any CPU.Build.0 = Release|Any CPU
	EndGlobalSection
	GlobalSection(SolutionProperties) = preSolution
		HideSolutionNode = FALSE
	EndGlobalSection
	GlobalSection(ExtensibilityGlobals) = postSolution
		SolutionGuid = {25D10B30-4017-44B2-895A-7F76876B5FF8}
	EndGlobalSection
EndGlobal
